
Microsoft Visual Studio Solution File, Format Version 12.00
# Visual Studio Version 16
VisualStudioVersion = 16.0.29001.49
MinimumVisualStudioVersion = 10.0.40219.1
Project("{FAE04EC0-301F-11D3-BF4B-00C04F79EFBC}") = "BivestConsoleSolution", "BivestConsoleSolution\BivestConsoleSolution.csproj", "{C8B7BA83-2523-4460-8E48-7341D5617152}"
EndProject
Global
	GlobalSection(SolutionConfigurationPlatforms) = preSolution
		Debug|Any CPU = Debug|Any CPU
		Release|Any CPU = Release|Any CPU
	EndGlobalSection
	GlobalSection(ProjectConfigurationPlatforms) = postSolution
		{C8B7BA83-2523-4460-8E48-7341D5617152}.Debug|Any CPU.ActiveCfg = Debug|Any CPU
		{C8B7BA83-2523-4460-8E48-7341D5617152}.Debug|Any CPU.Build.0 = Debug|Any CPU
		{C8B7BA83-2523-4460-8E48-7341D5617152}.Release|Any CPU.ActiveCfg = Release|Any CPU
		{C8B7BA83-2523-4460-8E48-7341D5617152}.Release|Any CPU.Build.0 = Release|Any CPU
	EndGlobalSection
	GlobalSection(SolutionProperties) = preSolution
		HideSolutionNode = FALSE
	EndGlobalSection
	GlobalSection(ExtensibilityGlobals) = postSolution
		SolutionGuid = {825AAAC0-DC9E-4A4D-BE5B-3336C5929C8A}
	EndGlobalSection
EndGlobal
